// !$*UTF8*$!
{
	archiveVersion = 1;
	classes = {
	};
	objectVersion = 56;
	objects = {

/* Begin PBXBuildFile section */
		3E36825128EEB8E9007960B4 /* WeekAddViewController.swift in Sources */ = {isa = PBXBuildFile; fileRef = 3E36825028EEB8E9007960B4 /* WeekAddViewController.swift */; };
		3E36825328EEC6E2007960B4 /* ausgabenVW.swift in Sources */ = {isa = PBXBuildFile; fileRef = 3E36825228EEC6E2007960B4 /* ausgabenVW.swift */; };
		3EB7C66C28EB192A00A31D5C /* AppDelegate.swift in Sources */ = {isa = PBXBuildFile; fileRef = 3EB7C66B28EB192A00A31D5C /* AppDelegate.swift */; };
		3EB7C66E28EB192A00A31D5C /* SceneDelegate.swift in Sources */ = {isa = PBXBuildFile; fileRef = 3EB7C66D28EB192A00A31D5C /* SceneDelegate.swift */; };
		3EB7C67028EB192A00A31D5C /* ViewController.swift in Sources */ = {isa = PBXBuildFile; fileRef = 3EB7C66F28EB192A00A31D5C /* ViewController.swift */; };
		3EB7C67328EB192A00A31D5C /* Main.storyboard in Resources */ = {isa = PBXBuildFile; fileRef = 3EB7C67128EB192A00A31D5C /* Main.storyboard */; };
		3EB7C67528EB192C00A31D5C /* Assets.xcassets in Resources */ = {isa = PBXBuildFile; fileRef = 3EB7C67428EB192C00A31D5C /* Assets.xcassets */; };
		3EB7C67828EB192C00A31D5C /* LaunchScreen.storyboard in Resources */ = {isa = PBXBuildFile; fileRef = 3EB7C67628EB192C00A31D5C /* LaunchScreen.storyboard */; };
		3EB7C6AB28EE0BF700A31D5C /* task.swift in Sources */ = {isa = PBXBuildFile; fileRef = 3EB7C6AA28EE0BF700A31D5C /* task.swift */; };
		3EE3496528EF43DC009DA78E /* DiViewController.swift in Sources */ = {isa = PBXBuildFile; fileRef = 3EE3496428EF43DC009DA78E /* DiViewController.swift */; };
		3EE3496728EF4453009DA78E /* MiViewController.swift in Sources */ = {isa = PBXBuildFile; fileRef = 3EE3496628EF4453009DA78E /* MiViewController.swift */; };
		3EE3496928EF44B8009DA78E /* DoViewController.swift in Sources */ = {isa = PBXBuildFile; fileRef = 3EE3496828EF44B8009DA78E /* DoViewController.swift */; };
		3EE3496B28EF44F8009DA78E /* FrViewController.swift in Sources */ = {isa = PBXBuildFile; fileRef = 3EE3496A28EF44F8009DA78E /* FrViewController.swift */; };
		3EE3496D28EF4521009DA78E /* SaViewController.swift in Sources */ = {isa = PBXBuildFile; fileRef = 3EE3496C28EF4521009DA78E /* SaViewController.swift */; };
		3EE3496F28EF4532009DA78E /* SoViewController.swift in Sources */ = {isa = PBXBuildFile; fileRef = 3EE3496E28EF4532009DA78E /* SoViewController.swift */; };
		D50E3599681A5ED8AC8C4D32 /* Pods_Ausgabe.framework in Frameworks */ = {isa = PBXBuildFile; fileRef = E3E57157790A4E6B9D140892 /* Pods_Ausgabe.framework */; };
/* End PBXBuildFile section */

/* Begin PBXFileReference section */
		231CA19A78DCF7D672F78640 /* Pods-Ausgabe.debug.xcconfig */ = {isa = PBXFileReference; includeInIndex = 1; lastKnownFileType = text.xcconfig; name = "Pods-Ausgabe.debug.xcconfig"; path = "Target Support Files/Pods-Ausgabe/Pods-Ausgabe.debug.xcconfig"; sourceTree = "<group>"; };
		3E36825028EEB8E9007960B4 /* WeekAddViewController.swift */ = {isa = PBXFileReference; lastKnownFileType = sourcecode.swift; path = WeekAddViewController.swift; sourceTree = "<group>"; };
		3E36825228EEC6E2007960B4 /* ausgabenVW.swift */ = {isa = PBXFileReference; lastKnownFileType = sourcecode.swift; path = ausgabenVW.swift; sourceTree = "<group>"; };
		3EB7C66828EB192A00A31D5C /* Ausgabe.app */ = {isa = PBXFileReference; explicitFileType = wrapper.application; includeInIndex = 0; path = Ausgabe.app; sourceTree = BUILT_PRODUCTS_DIR; };
		3EB7C66B28EB192A00A31D5C /* AppDelegate.swift */ = {isa = PBXFileReference; lastKnownFileType = sourcecode.swift; path = AppDelegate.swift; sourceTree = "<group>"; };
		3EB7C66D28EB192A00A31D5C /* SceneDelegate.swift */ = {isa = PBXFileReference; lastKnownFileType = sourcecode.swift; path = SceneDelegate.swift; sourceTree = "<group>"; };
		3EB7C66F28EB192A00A31D5C /* ViewController.swift */ = {isa = PBXFileReference; lastKnownFileType = sourcecode.swift; path = ViewController.swift; sourceTree = "<group>"; };
		3EB7C67228EB192A00A31D5C /* Base */ = {isa = PBXFileReference; lastKnownFileType = file.storyboard; name = Base; path = Base.lproj/Main.storyboard; sourceTree = "<group>"; };
		3EB7C67428EB192C00A31D5C /* Assets.xcassets */ = {isa = PBXFileReference; lastKnownFileType = folder.assetcatalog; path = Assets.xcassets; sourceTree = "<group>"; };
		3EB7C67728EB192C00A31D5C /* Base */ = {isa = PBXFileReference; lastKnownFileType = file.storyboard; name = Base; path = Base.lproj/LaunchScreen.storyboard; sourceTree = "<group>"; };
		3EB7C67928EB192C00A31D5C /* Info.plist */ = {isa = PBXFileReference; lastKnownFileType = text.plist.xml; path = Info.plist; sourceTree = "<group>"; };
		3EB7C6AA28EE0BF700A31D5C /* task.swift */ = {isa = PBXFileReference; lastKnownFileType = sourcecode.swift; path = task.swift; sourceTree = "<group>"; };
		3EE3496428EF43DC009DA78E /* DiViewController.swift */ = {isa = PBXFileReference; lastKnownFileType = sourcecode.swift; path = DiViewController.swift; sourceTree = "<group>"; };
		3EE3496628EF4453009DA78E /* MiViewController.swift */ = {isa = PBXFileReference; lastKnownFileType = sourcecode.swift; path = MiViewController.swift; sourceTree = "<group>"; };
		3EE3496828EF44B8009DA78E /* DoViewController.swift */ = {isa = PBXFileReference; lastKnownFileType = sourcecode.swift; path = DoViewController.swift; sourceTree = "<group>"; };
		3EE3496A28EF44F8009DA78E /* FrViewController.swift */ = {isa = PBXFileReference; lastKnownFileType = sourcecode.swift; path = FrViewController.swift; sourceTree = "<group>"; };
		3EE3496C28EF4521009DA78E /* SaViewController.swift */ = {isa = PBXFileReference; lastKnownFileType = sourcecode.swift; path = SaViewController.swift; sourceTree = "<group>"; };
		3EE3496E28EF4532009DA78E /* SoViewController.swift */ = {isa = PBXFileReference; lastKnownFileType = sourcecode.swift; path = SoViewController.swift; sourceTree = "<group>"; };
		941CC0B5846FA0F2EF17941B /* Pods-Ausgabe.release.xcconfig */ = {isa = PBXFileReference; includeInIndex = 1; lastKnownFileType = text.xcconfig; name = "Pods-Ausgabe.release.xcconfig"; path = "Target Support Files/Pods-Ausgabe/Pods-Ausgabe.release.xcconfig"; sourceTree = "<group>"; };
		E3E57157790A4E6B9D140892 /* Pods_Ausgabe.framework */ = {isa = PBXFileReference; explicitFileType = wrapper.framework; includeInIndex = 0; path = Pods_Ausgabe.framework; sourceTree = BUILT_PRODUCTS_DIR; };
/* End PBXFileReference section */

/* Begin PBXFrameworksBuildPhase section */
		3EB7C66528EB192A00A31D5C /* Frameworks */ = {
			isa = PBXFrameworksBuildPhase;
			buildActionMask = 2147483647;
			files = (
				D50E3599681A5ED8AC8C4D32 /* Pods_Ausgabe.framework in Frameworks */,
			);
			runOnlyForDeploymentPostprocessing = 0;
		};
/* End PBXFrameworksBuildPhase section */

/* Begin PBXGroup section */
		3EB7C65F28EB192A00A31D5C = {
			isa = PBXGroup;
			children = (
				3EB7C66A28EB192A00A31D5C /* Ausgabe */,
				3EB7C66928EB192A00A31D5C /* Products */,
				6310C154DA490A38B569F78B /* Pods */,
				79E73DBAC8D7C7DBE2D58F99 /* Frameworks */,
			);
			sourceTree = "<group>";
		};
		3EB7C66928EB192A00A31D5C /* Products */ = {
			isa = PBXGroup;
			children = (
				3EB7C66828EB192A00A31D5C /* Ausgabe.app */,
			);
			name = Products;
			sourceTree = "<group>";
		};
		3EB7C66A28EB192A00A31D5C /* Ausgabe */ = {
			isa = PBXGroup;
			children = (
				3EB7C6A928EE0BDD00A31D5C /* vm */,
				3EB7C6A828EE0BCE00A31D5C /* view */,
				3EB7C6A728EE0BC200A31D5C /* Model */,
				3EB7C66B28EB192A00A31D5C /* AppDelegate.swift */,
				3EB7C66D28EB192A00A31D5C /* SceneDelegate.swift */,
				3EB7C67128EB192A00A31D5C /* Main.storyboard */,
				3EB7C67428EB192C00A31D5C /* Assets.xcassets */,
				3EB7C67628EB192C00A31D5C /* LaunchScreen.storyboard */,
				3EB7C67928EB192C00A31D5C /* Info.plist */,
			);
			path = Ausgabe;
			sourceTree = "<group>";
		};
		3EB7C6A728EE0BC200A31D5C /* Model */ = {
			isa = PBXGroup;
			children = (
				3EB7C6AA28EE0BF700A31D5C /* task.swift */,
			);
			path = Model;
			sourceTree = "<group>";
		};
		3EB7C6A828EE0BCE00A31D5C /* view */ = {
			isa = PBXGroup;
			children = (
				3EB7C66F28EB192A00A31D5C /* ViewController.swift */,
				3E36825028EEB8E9007960B4 /* WeekAddViewController.swift */,
				3EE3496428EF43DC009DA78E /* DiViewController.swift */,
				3EE3496628EF4453009DA78E /* MiViewController.swift */,
				3EE3496828EF44B8009DA78E /* DoViewController.swift */,
				3EE3496A28EF44F8009DA78E /* FrViewController.swift */,
				3EE3496C28EF4521009DA78E /* SaViewController.swift */,
				3EE3496E28EF4532009DA78E /* SoViewController.swift */,
			);
			path = view;
			sourceTree = "<group>";
		};
		3EB7C6A928EE0BDD00A31D5C /* vm */ = {
			isa = PBXGroup;
			children = (
				3E36825228EEC6E2007960B4 /* ausgabenVW.swift */,
			);
			path = vm;
			sourceTree = "<group>";
		};
		6310C154DA490A38B569F78B /* Pods */ = {
			isa = PBXGroup;
			children = (
				231CA19A78DCF7D672F78640 /* Pods-Ausgabe.debug.xcconfig */,
				941CC0B5846FA0F2EF17941B /* Pods-Ausgabe.release.xcconfig */,
			);
			path = Pods;
			sourceTree = "<group>";
		};
		79E73DBAC8D7C7DBE2D58F99 /* Frameworks */ = {
			isa = PBXGroup;
			children = (
				E3E57157790A4E6B9D140892 /* Pods_Ausgabe.framework */,
			);
			name = Frameworks;
			sourceTree = "<group>";
		};
/* End PBXGroup section */

/* Begin PBXNativeTarget section */
		3EB7C66728EB192A00A31D5C /* Ausgabe */ = {
			isa = PBXNativeTarget;
			buildConfigurationList = 3EB7C67C28EB192C00A31D5C /* Build configuration list for PBXNativeTarget "Ausgabe" */;
			buildPhases = (
				328C7413AE2A3260E5EEDA6D /* [CP] Check Pods Manifest.lock */,
				3EB7C66428EB192A00A31D5C /* Sources */,
				3EB7C66528EB192A00A31D5C /* Frameworks */,
				3EB7C66628EB192A00A31D5C /* Resources */,
				0FE229A1A94E4623C81299BC /* [CP] Embed Pods Frameworks */,
			);
			buildRules = (
			);
			dependencies = (
			);
			name = Ausgabe;
			productName = Ausgabe;
			productReference = 3EB7C66828EB192A00A31D5C /* Ausgabe.app */;
			productType = "com.apple.product-type.application";
		};
/* End PBXNativeTarget section */

/* Begin PBXProject section */
		3EB7C66028EB192A00A31D5C /* Project object */ = {
			isa = PBXProject;
			attributes = {
				BuildIndependentTargetsInParallel = 1;
				LastSwiftUpdateCheck = 1400;
				LastUpgradeCheck = 1400;
				TargetAttributes = {
					3EB7C66728EB192A00A31D5C = {
						CreatedOnToolsVersion = 14.0.1;
					};
				};
			};
			buildConfigurationList = 3EB7C66328EB192A00A31D5C /* Build configuration list for PBXProject "Ausgabe" */;
			compatibilityVersion = "Xcode 14.0";
			developmentRegion = en;
			hasScannedForEncodings = 0;
			knownRegions = (
				en,
				Base,
			);
			mainGroup = 3EB7C65F28EB192A00A31D5C;
			productRefGroup = 3EB7C66928EB192A00A31D5C /* Products */;
			projectDirPath = "";
			projectRoot = "";
			targets = (
				3EB7C66728EB192A00A31D5C /* Ausgabe */,
			);
		};
/* End PBXProject section */

/* Begin PBXResourcesBuildPhase section */
		3EB7C66628EB192A00A31D5C /* Resources */ = {
			isa = PBXResourcesBuildPhase;
			buildActionMask = 2147483647;
			files = (
				3EB7C67828EB192C00A31D5C /* LaunchScreen.storyboard in Resources */,
				3EB7C67528EB192C00A31D5C /* Assets.xcassets in Resources */,
				3EB7C67328EB192A00A31D5C /* Main.storyboard in Resources */,
			);
			runOnlyForDeploymentPostprocessing = 0;
		};
/* End PBXResourcesBuildPhase section */

/* Begin PBXShellScriptBuildPhase section */
		0FE229A1A94E4623C81299BC /* [CP] Embed Pods Frameworks */ = {
			isa = PBXShellScriptBuildPhase;
			buildActionMask = 2147483647;
			files = (
			);
			inputFileListPaths = (
				"${PODS_ROOT}/Target Support Files/Pods-Ausgabe/Pods-Ausgabe-frameworks-${CONFIGURATION}-input-files.xcfilelist",
			);
			name = "[CP] Embed Pods Frameworks";
			outputFileListPaths = (
				"${PODS_ROOT}/Target Support Files/Pods-Ausgabe/Pods-Ausgabe-frameworks-${CONFIGURATION}-output-files.xcfilelist",
			);
			runOnlyForDeploymentPostprocessing = 0;
			shellPath = /bin/sh;
			shellScript = "\"${PODS_ROOT}/Target Support Files/Pods-Ausgabe/Pods-Ausgabe-frameworks.sh\"\n";
			showEnvVarsInLog = 0;
		};
		328C7413AE2A3260E5EEDA6D /* [CP] Check Pods Manifest.lock */ = {
			isa = PBXShellScriptBuildPhase;
			buildActionMask = 2147483647;
			files = (
			);
			inputFileListPaths = (
			);
			inputPaths = (
				"${PODS_PODFILE_DIR_PATH}/Podfile.lock",
				"${PODS_ROOT}/Manifest.lock",
			);
			name = "[CP] Check Pods Manifest.lock";
			outputFileListPaths = (
			);
			outputPaths = (
				"$(DERIVED_FILE_DIR)/Pods-Ausgabe-checkManifestLockResult.txt",
			);
			runOnlyForDeploymentPostprocessing = 0;
			shellPath = /bin/sh;
			shellScript = "diff \"${PODS_PODFILE_DIR_PATH}/Podfile.lock\" \"${PODS_ROOT}/Manifest.lock\" > /dev/null\nif [ $? != 0 ] ; then\n    # print error to STDERR\n    echo \"error: The sandbox is not in sync with the Podfile.lock. Run 'pod install' or update your CocoaPods installation.\" >&2\n    exit 1\nfi\n# This output is used by Xcode 'outputs' to avoid re-running this script phase.\necho \"SUCCESS\" > \"${SCRIPT_OUTPUT_FILE_0}\"\n";
			showEnvVarsInLog = 0;
		};
/* End PBXShellScriptBuildPhase section */

/* Begin PBXSourcesBuildPhase section */
		3EB7C66428EB192A00A31D5C /* Sources */ = {
			isa = PBXSourcesBuildPhase;
			buildActionMask = 2147483647;
			files = (
				3EB7C6AB28EE0BF700A31D5C /* task.swift in Sources */,
				3EE3496528EF43DC009DA78E /* DiViewController.swift in Sources */,
				3EE3496B28EF44F8009DA78E /* FrViewController.swift in Sources */,
				3EE3496928EF44B8009DA78E /* DoViewController.swift in Sources */,
				3E36825128EEB8E9007960B4 /* WeekAddViewController.swift in Sources */,
				3EB7C67028EB192A00A31D5C /* ViewController.swift in Sources */,
				3EE3496F28EF4532009DA78E /* SoViewController.swift in Sources */,
				3EB7C66C28EB192A00A31D5C /* AppDelegate.swift in Sources */,
				3E36825328EEC6E2007960B4 /* ausgabenVW.swift in Sources */,
				3EE3496D28EF4521009DA78E /* SaViewController.swift in Sources */,
				3EE3496728EF4453009DA78E /* MiViewController.swift in Sources */,
				3EB7C66E28EB192A00A31D5C /* SceneDelegate.swift in Sources */,
			);
			runOnlyForDeploymentPostprocessing = 0;
		};
/* End PBXSourcesBuildPhase section */

/* Begin PBXVariantGroup section */
		3EB7C67128EB192A00A31D5C /* Main.storyboard */ = {
			isa = PBXVariantGroup;
			children = (
				3EB7C67228EB192A00A31D5C /* Base */,
			);
			name = Main.storyboard;
			sourceTree = "<group>";
		};
		3EB7C67628EB192C00A31D5C /* LaunchScreen.storyboard */ = {
			isa = PBXVariantGroup;
			children = (
				3EB7C67728EB192C00A31D5C /* Base */,
			);
			name = LaunchScreen.storyboard;
			sourceTree = "<group>";
		};
/* End PBXVariantGroup section */

/* Begin XCBuildConfiguration section */
		3EB7C67A28EB192C00A31D5C /* Debug */ = {
			isa = XCBuildConfiguration;
			buildSettings = {
				ALWAYS_SEARCH_USER_PATHS = NO;
				CLANG_ANALYZER_NONNULL = YES;
				CLANG_ANALYZER_NUMBER_OBJECT_CONVERSION = YES_AGGRESSIVE;
				CLANG_CXX_LANGUAGE_STANDARD = "gnu++20";
				CLANG_ENABLE_MODULES = YES;
				CLANG_ENABLE_OBJC_ARC = YES;
				CLANG_ENABLE_OBJC_WEAK = YES;
				CLANG_WARN_BLOCK_CAPTURE_AUTORELEASING = YES;
				CLANG_WARN_BOOL_CONVERSION = YES;
				CLANG_WARN_COMMA = YES;
				CLANG_WARN_CONSTANT_CONVERSION = YES;
				CLANG_WARN_DEPRECATED_OBJC_IMPLEMENTATIONS = YES;
				CLANG_WARN_DIRECT_OBJC_ISA_USAGE = YES_ERROR;
				CLANG_WARN_DOCUMENTATION_COMMENTS = YES;
				CLANG_WARN_EMPTY_BODY = YES;
				CLANG_WARN_ENUM_CONVERSION = YES;
				CLANG_WARN_INFINITE_RECURSION = YES;
				CLANG_WARN_INT_CONVERSION = YES;
				CLANG_WARN_NON_LITERAL_NULL_CONVERSION = YES;
				CLANG_WARN_OBJC_IMPLICIT_RETAIN_SELF = YES;
				CLANG_WARN_OBJC_LITERAL_CONVERSION = YES;
				CLANG_WARN_OBJC_ROOT_CLASS = YES_ERROR;
				CLANG_WARN_QUOTED_INCLUDE_IN_FRAMEWORK_HEADER = YES;
				CLANG_WARN_RANGE_LOOP_ANALYSIS = YES;
				CLANG_WARN_STRICT_PROTOTYPES = YES;
				CLANG_WARN_SUSPICIOUS_MOVE = YES;
				CLANG_WARN_UNGUARDED_AVAILABILITY = YES_AGGRESSIVE;
				CLANG_WARN_UNREACHABLE_CODE = YES;
				CLANG_WARN__DUPLICATE_METHOD_MATCH = YES;
				COPY_PHASE_STRIP = NO;
				DEBUG_INFORMATION_FORMAT = dwarf;
				ENABLE_STRICT_OBJC_MSGSEND = YES;
				ENABLE_TESTABILITY = YES;
				GCC_C_LANGUAGE_STANDARD = gnu11;
				GCC_DYNAMIC_NO_PIC = NO;
				GCC_NO_COMMON_BLOCKS = YES;
				GCC_OPTIMIZATION_LEVEL = 0;
				GCC_PREPROCESSOR_DEFINITIONS = (
					"DEBUG=1",
					"$(inherited)",
				);
				GCC_WARN_64_TO_32_BIT_CONVERSION = YES;
				GCC_WARN_ABOUT_RETURN_TYPE = YES_ERROR;
				GCC_WARN_UNDECLARED_SELECTOR = YES;
				GCC_WARN_UNINITIALIZED_AUTOS = YES_AGGRESSIVE;
				GCC_WARN_UNUSED_FUNCTION = YES;
				GCC_WARN_UNUSED_VARIABLE = YES;
				IPHONEOS_DEPLOYMENT_TARGET = 16.0;
				MTL_ENABLE_DEBUG_INFO = INCLUDE_SOURCE;
				MTL_FAST_MATH = YES;
				ONLY_ACTIVE_ARCH = YES;
				SDKROOT = iphoneos;
				SWIFT_ACTIVE_COMPILATION_CONDITIONS = DEBUG;
				SWIFT_OPTIMIZATION_LEVEL = "-Onone";
			};
			name = Debug;
		};
		3EB7C67B28EB192C00A31D5C /* Release */ = {
			isa = XCBuildConfiguration;
			buildSettings = {
				ALWAYS_SEARCH_USER_PATHS = NO;
				CLANG_ANALYZER_NONNULL = YES;
				CLANG_ANALYZER_NUMBER_OBJECT_CONVERSION = YES_AGGRESSIVE;
				CLANG_CXX_LANGUAGE_STANDARD = "gnu++20";
				CLANG_ENABLE_MODULES = YES;
				CLANG_ENABLE_OBJC_ARC = YES;
				CLANG_ENABLE_OBJC_WEAK = YES;
				CLANG_WARN_BLOCK_CAPTURE_AUTORELEASING = YES;
				CLANG_WARN_BOOL_CONVERSION = YES;
				CLANG_WARN_COMMA = YES;
				CLANG_WARN_CONSTANT_CONVERSION = YES;
				CLANG_WARN_DEPRECATED_OBJC_IMPLEMENTATIONS = YES;
				CLANG_WARN_DIRECT_OBJC_ISA_USAGE = YES_ERROR;
				CLANG_WARN_DOCUMENTATION_COMMENTS = YES;
				CLANG_WARN_EMPTY_BODY = YES;
				CLANG_WARN_ENUM_CONVERSION = YES;
				CLANG_WARN_INFINITE_RECURSION = YES;
				CLANG_WARN_INT_CONVERSION = YES;
				CLANG_WARN_NON_LITERAL_NULL_CONVERSION = YES;
				CLANG_WARN_OBJC_IMPLICIT_RETAIN_SELF = YES;
				CLANG_WARN_OBJC_LITERAL_CONVERSION = YES;
				CLANG_WARN_OBJC_ROOT_CLASS = YES_ERROR;
				CLANG_WARN_QUOTED_INCLUDE_IN_FRAMEWORK_HEADER = YES;
				CLANG_WARN_RANGE_LOOP_ANALYSIS = YES;
				CLANG_WARN_STRICT_PROTOTYPES = YES;
				CLANG_WARN_SUSPICIOUS_MOVE = YES;
				CLANG_WARN_UNGUARDED_AVAILABILITY = YES_AGGRESSIVE;
				CLANG_WARN_UNREACHABLE_CODE = YES;
				CLANG_WARN__DUPLICATE_METHOD_MATCH = YES;
				COPY_PHASE_STRIP = NO;
				DEBUG_INFORMATION_FORMAT = "dwarf-with-dsym";
				ENABLE_NS_ASSERTIONS = NO;
				ENABLE_STRICT_OBJC_MSGSEND = YES;
				GCC_C_LANGUAGE_STANDARD = gnu11;
				GCC_NO_COMMON_BLOCKS = YES;
				GCC_WARN_64_TO_32_BIT_CONVERSION = YES;
				GCC_WARN_ABOUT_RETURN_TYPE = YES_ERROR;
				GCC_WARN_UNDECLARED_SELECTOR = YES;
				GCC_WARN_UNINITIALIZED_AUTOS = YES_AGGRESSIVE;
				GCC_WARN_UNUSED_FUNCTION = YES;
				GCC_WARN_UNUSED_VARIABLE = YES;
				IPHONEOS_DEPLOYMENT_TARGET = 16.0;
				MTL_ENABLE_DEBUG_INFO = NO;
				MTL_FAST_MATH = YES;
				SDKROOT = iphoneos;
				SWIFT_COMPILATION_MODE = wholemodule;
				SWIFT_OPTIMIZATION_LEVEL = "-O";
				VALIDATE_PRODUCT = YES;
			};
			name = Release;
		};
		3EB7C67D28EB192C00A31D5C /* Debug */ = {
			isa = XCBuildConfiguration;
			baseConfigurationReference = 231CA19A78DCF7D672F78640 /* Pods-Ausgabe.debug.xcconfig */;
			buildSettings = {
				ASSETCATALOG_COMPILER_APPICON_NAME = AppIcon;
				ASSETCATALOG_COMPILER_GLOBAL_ACCENT_COLOR_NAME = AccentColor;
				CODE_SIGN_STYLE = Automatic;
				CURRENT_PROJECT_VERSION = 1;
				GENERATE_INFOPLIST_FILE = YES;
				INFOPLIST_FILE = Ausgabe/Info.plist;
				INFOPLIST_KEY_UIApplicationSupportsIndirectInputEvents = YES;
				INFOPLIST_KEY_UILaunchStoryboardName = LaunchScreen;
				INFOPLIST_KEY_UIMainStoryboardFile = Main;
				INFOPLIST_KEY_UISupportedInterfaceOrientations_iPad = "UIInterfaceOrientationPortrait UIInterfaceOrientationPortraitUpsideDown UIInterfaceOrientationLandscapeLeft UIInterfaceOrientationLandscapeRight";
				INFOPLIST_KEY_UISupportedInterfaceOrientations_iPhone = "UIInterfaceOrientationPortrait UIInterfaceOrientationLandscapeLeft UIInterfaceOrientationLandscapeRight";
				LD_RUNPATH_SEARCH_PATHS = (
					"$(inherited)",
					"@executable_path/Frameworks",
				);
				MARKETING_VERSION = 1.0;
				PRODUCT_BUNDLE_IDENTIFIER = uekwoche.Ausgabe;
				PRODUCT_NAME = "$(TARGET_NAME)";
				SWIFT_EMIT_LOC_STRINGS = YES;
				SWIFT_VERSION = 5.0;
				TARGETED_DEVICE_FAMILY = "1,2";
			};
			name = Debug;
		};
		3EB7C67E28EB192C00A31D5C /* Release */ = {
			isa = XCBuildConfiguration;
			baseConfigurationReference = 941CC0B5846FA0F2EF17941B /* Pods-Ausgabe.release.xcconfig */;
			buildSettings = {
				ASSETCATALOG_COMPILER_APPICON_NAME = AppIcon;
				ASSETCATALOG_COMPILER_GLOBAL_ACCENT_COLOR_NAME = AccentColor;
				CODE_SIGN_STYLE = Automatic;
				CURRENT_PROJECT_VERSION = 1;
				GENERATE_INFOPLIST_FILE = YES;
				INFOPLIST_FILE = Ausgabe/Info.plist;
				INFOPLIST_KEY_UIApplicationSupportsIndirectInputEvents = YES;
				INFOPLIST_KEY_UILaunchStoryboardName = LaunchScreen;
				INFOPLIST_KEY_UIMainStoryboardFile = Main;
				INFOPLIST_KEY_UISupportedInterfaceOrientations_iPad = "UIInterfaceOrientationPortrait UIInterfaceOrientationPortraitUpsideDown UIInterfaceOrientationLandscapeLeft UIInterfaceOrientationLandscapeRight";
				INFOPLIST_KEY_UISupportedInterfaceOrientations_iPhone = "UIInterfaceOrientationPortrait UIInterfaceOrientationLandscapeLeft UIInterfaceOrientationLandscapeRight";
				LD_RUNPATH_SEARCH_PATHS = (
					"$(inherited)",
					"@executable_path/Frameworks",
				);
				MARKETING_VERSION = 1.0;
				PRODUCT_BUNDLE_IDENTIFIER = uekwoche.Ausgabe;
				PRODUCT_NAME = "$(TARGET_NAME)";
				SWIFT_EMIT_LOC_STRINGS = YES;
				SWIFT_VERSION = 5.0;
				TARGETED_DEVICE_FAMILY = "1,2";
			};
			name = Release;
		};
/* End XCBuildConfiguration section */

/* Begin XCConfigurationList section */
		3EB7C66328EB192A00A31D5C /* Build configuration list for PBXProject "Ausgabe" */ = {
			isa = XCConfigurationList;
			buildConfigurations = (
				3EB7C67A28EB192C00A31D5C /* Debug */,
				3EB7C67B28EB192C00A31D5C /* Release */,
			);
			defaultConfigurationIsVisible = 0;
			defaultConfigurationName = Release;
		};
		3EB7C67C28EB192C00A31D5C /* Build configuration list for PBXNativeTarget "Ausgabe" */ = {
			isa = XCConfigurationList;
			buildConfigurations = (
				3EB7C67D28EB192C00A31D5C /* Debug */,
				3EB7C67E28EB192C00A31D5C /* Release */,
			);
			defaultConfigurationIsVisible = 0;
			defaultConfigurationName = Release;
		};
/* End XCConfigurationList section */
	};
	rootObject = 3EB7C66028EB192A00A31D5C /* Project object */;
}
